
Microsoft Visual Studio Solution File, Format Version 12.00
# Visual Studio Version 17
VisualStudioVersion = 17.6.33815.320
MinimumVisualStudioVersion = 10.0.40219.1
Project("{2150E333-8FDC-42A3-9474-1A3956D46DE8}") = "Src", "Src", "{48A6E605-4EF4-4A0B-B15D-7EAE12BA6EA7}"
EndProject
Project("{2150E333-8FDC-42A3-9474-1A3956D46DE8}") = "Doc", "Doc", "{72118EA3-ED1E-4359-987C-11025A38EC5B}"
EndProject
Project("{2150E333-8FDC-42A3-9474-1A3956D46DE8}") = "Test", "Test", "{EEFCD690-DC06-47D8-B3B6-C9B0E058D11F}"
EndProject
Project("{2150E333-8FDC-42A3-9474-1A3956D46DE8}") = "Core", "Core", "{6CEECD93-8D6D-4745-AB2B-4D5D0ABD71F3}"
EndProject
Project("{2150E333-8FDC-42A3-9474-1A3956D46DE8}") = "Common", "Common", "{46861035-AF79-4C99-900F-2007C8F9FFC1}"
EndProject
Project("{2150E333-8FDC-42A3-9474-1A3956D46DE8}") = "Infrastructure", "Infrastructure", "{FFAB6068-B814-4F4E-AB55-FAF30BE6BCDC}"
EndProject
Project("{2150E333-8FDC-42A3-9474-1A3956D46DE8}") = "Presentation", "Presentation", "{6215A69B-7DC6-472A-B031-9A8963E5FF6B}"
EndProject
Project("{FAE04EC0-301F-11D3-BF4B-00C04F79EFBC}") = "School.Domain", "School.Domain\School.Domain.csproj", "{CE8F245C-7BF8-4A72-A1EF-6B7502F95910}"
EndProject
Project("{FAE04EC0-301F-11D3-BF4B-00C04F79EFBC}") = "School.Application", "School.Application\School.Application.csproj", "{92D19A92-68B1-4AC8-891D-9BF928F19CA0}"
EndProject
Project("{FAE04EC0-301F-11D3-BF4B-00C04F79EFBC}") = "School.Infrastructure", "School.Infrastructure\School.Infrastructure.csproj", "{A7C8E00D-ABB5-4FE1-A874-1A1355591686}"
EndProject
Project("{FAE04EC0-301F-11D3-BF4B-00C04F79EFBC}") = "School.persistence", "School.persistence\School.persistence.csproj", "{FDECC458-9C89-401B-AC65-25B827EE886B}"
EndProject
Project("{FAE04EC0-301F-11D3-BF4B-00C04F79EFBC}") = "School.Common", "School.Common\School.Common.csproj", "{40F7A108-1359-4FCF-8C58-53CBFD2227A5}"
EndProject
Project("{FAE04EC0-301F-11D3-BF4B-00C04F79EFBC}") = "School.App", "School.App\School.App.csproj", "{4B03D8B4-2D95-4DD9-8729-1C7ECC6CB22A}"
EndProject
Global
	GlobalSection(SolutionConfigurationPlatforms) = preSolution
		Debug|Any CPU = Debug|Any CPU
		Release|Any CPU = Release|Any CPU
	EndGlobalSection
	GlobalSection(ProjectConfigurationPlatforms) = postSolution
		{CE8F245C-7BF8-4A72-A1EF-6B7502F95910}.Debug|Any CPU.ActiveCfg = Debug|Any CPU
		{CE8F245C-7BF8-4A72-A1EF-6B7502F95910}.Debug|Any CPU.Build.0 = Debug|Any CPU
		{CE8F245C-7BF8-4A72-A1EF-6B7502F95910}.Release|Any CPU.ActiveCfg = Release|Any CPU
		{CE8F245C-7BF8-4A72-A1EF-6B7502F95910}.Release|Any CPU.Build.0 = Release|Any CPU
		{92D19A92-68B1-4AC8-891D-9BF928F19CA0}.Debug|Any CPU.ActiveCfg = Debug|Any CPU
		{92D19A92-68B1-4AC8-891D-9BF928F19CA0}.Debug|Any CPU.Build.0 = Debug|Any CPU
		{92D19A92-68B1-4AC8-891D-9BF928F19CA0}.Release|Any CPU.ActiveCfg = Release|Any CPU
		{92D19A92-68B1-4AC8-891D-9BF928F19CA0}.Release|Any CPU.Build.0 = Release|Any CPU
		{A7C8E00D-ABB5-4FE1-A874-1A1355591686}.Debug|Any CPU.ActiveCfg = Debug|Any CPU
		{A7C8E00D-ABB5-4FE1-A874-1A1355591686}.Debug|Any CPU.Build.0 = Debug|Any CPU
		{A7C8E00D-ABB5-4FE1-A874-1A1355591686}.Release|Any CPU.ActiveCfg = Release|Any CPU
		{A7C8E00D-ABB5-4FE1-A874-1A1355591686}.Release|Any CPU.Build.0 = Release|Any CPU
		{FDECC458-9C89-401B-AC65-25B827EE886B}.Debug|Any CPU.ActiveCfg = Debug|Any CPU
		{FDECC458-9C89-401B-AC65-25B827EE886B}.Debug|Any CPU.Build.0 = Debug|Any CPU
		{FDECC458-9C89-401B-AC65-25B827EE886B}.Release|Any CPU.ActiveCfg = Release|Any CPU
		{FDECC458-9C89-401B-AC65-25B827EE886B}.Release|Any CPU.Build.0 = Release|Any CPU
		{40F7A108-1359-4FCF-8C58-53CBFD2227A5}.Debug|Any CPU.ActiveCfg = Debug|Any CPU
		{40F7A108-1359-4FCF-8C58-53CBFD2227A5}.Debug|Any CPU.Build.0 = Debug|Any CPU
		{40F7A108-1359-4FCF-8C58-53CBFD2227A5}.Release|Any CPU.ActiveCfg = Release|Any CPU
		{40F7A108-1359-4FCF-8C58-53CBFD2227A5}.Release|Any CPU.Build.0 = Release|Any CPU
		{4B03D8B4-2D95-4DD9-8729-1C7ECC6CB22A}.Debug|Any CPU.ActiveCfg = Debug|Any CPU
		{4B03D8B4-2D95-4DD9-8729-1C7ECC6CB22A}.Debug|Any CPU.Build.0 = Debug|Any CPU
		{4B03D8B4-2D95-4DD9-8729-1C7ECC6CB22A}.Release|Any CPU.ActiveCfg = Release|Any CPU
		{4B03D8B4-2D95-4DD9-8729-1C7ECC6CB22A}.Release|Any CPU.Build.0 = Release|Any CPU
	EndGlobalSection
	GlobalSection(SolutionProperties) = preSolution
		HideSolutionNode = FALSE
	EndGlobalSection
	GlobalSection(NestedProjects) = preSolution
		{6CEECD93-8D6D-4745-AB2B-4D5D0ABD71F3} = {48A6E605-4EF4-4A0B-B15D-7EAE12BA6EA7}
		{46861035-AF79-4C99-900F-2007C8F9FFC1} = {48A6E605-4EF4-4A0B-B15D-7EAE12BA6EA7}
		{FFAB6068-B814-4F4E-AB55-FAF30BE6BCDC} = {48A6E605-4EF4-4A0B-B15D-7EAE12BA6EA7}
		{6215A69B-7DC6-472A-B031-9A8963E5FF6B} = {48A6E605-4EF4-4A0B-B15D-7EAE12BA6EA7}
		{CE8F245C-7BF8-4A72-A1EF-6B7502F95910} = {6CEECD93-8D6D-4745-AB2B-4D5D0ABD71F3}
		{92D19A92-68B1-4AC8-891D-9BF928F19CA0} = {6CEECD93-8D6D-4745-AB2B-4D5D0ABD71F3}
		{A7C8E00D-ABB5-4FE1-A874-1A1355591686} = {FFAB6068-B814-4F4E-AB55-FAF30BE6BCDC}
		{FDECC458-9C89-401B-AC65-25B827EE886B} = {FFAB6068-B814-4F4E-AB55-FAF30BE6BCDC}
		{40F7A108-1359-4FCF-8C58-53CBFD2227A5} = {46861035-AF79-4C99-900F-2007C8F9FFC1}
		{4B03D8B4-2D95-4DD9-8729-1C7ECC6CB22A} = {6215A69B-7DC6-472A-B031-9A8963E5FF6B}
	EndGlobalSection
	GlobalSection(ExtensibilityGlobals) = postSolution
		SolutionGuid = {788E34F1-89CA-4B33-9D3B-9EB4DF5CC42D}
	EndGlobalSection
EndGlobal
